
Microsoft Visual Studio Solution File, Format Version 12.00
# Visual Studio 2012
Project("{FAE04EC0-301F-11D3-BF4B-00C04F79EFBC}") = "TestProject", "TestProject\TestProject.csproj", "{C2BD0BC4-5A1C-4683-A03E-CF0E6A8DE6E3}"
EndProject
Project("{FAE04EC0-301F-11D3-BF4B-00C04F79EFBC}") = "TP_Kernel", "..\kernel\TP_Kernel.csproj", "{18FCAEE1-C650-41FD-86FB-3A9A4A1B4CD5}"
EndProject
Global
	GlobalSection(SolutionConfigurationPlatforms) = preSolution
		Debug|Any CPU = Debug|Any CPU
		Release|Any CPU = Release|Any CPU
	EndGlobalSection
	GlobalSection(ProjectConfigurationPlatforms) = postSolution
		{C2BD0BC4-5A1C-4683-A03E-CF0E6A8DE6E3}.Debug|Any CPU.ActiveCfg = Debug|Any CPU
		{C2BD0BC4-5A1C-4683-A03E-CF0E6A8DE6E3}.Debug|Any CPU.Build.0 = Debug|Any CPU
		{C2BD0BC4-5A1C-4683-A03E-CF0E6A8DE6E3}.Release|Any CPU.ActiveCfg = Release|Any CPU
		{C2BD0BC4-5A1C-4683-A03E-CF0E6A8DE6E3}.Release|Any CPU.Build.0 = Release|Any CPU
		{18FCAEE1-C650-41FD-86FB-3A9A4A1B4CD5}.Debug|Any CPU.ActiveCfg = Debug|Any CPU
		{18FCAEE1-C650-41FD-86FB-3A9A4A1B4CD5}.Debug|Any CPU.Build.0 = Debug|Any CPU
		{18FCAEE1-C650-41FD-86FB-3A9A4A1B4CD5}.Release|Any CPU.ActiveCfg = Release|Any CPU
		{18FCAEE1-C650-41FD-86FB-3A9A4A1B4CD5}.Release|Any CPU.Build.0 = Release|Any CPU
	EndGlobalSection
	GlobalSection(SolutionProperties) = preSolution
		HideSolutionNode = FALSE
	EndGlobalSection
EndGlobal
