
Microsoft Visual Studio Solution File, Format Version 12.00
# Visual Studio 2012
Project("{FAE04EC0-301F-11D3-BF4B-00C04F79EFBC}") = "LR_3DS", "LR_3DS\LR_3DS.csproj", "{DB89E682-F56C-4CBA-BA4F-0AF87ADC1064}"
EndProject
Project("{FAE04EC0-301F-11D3-BF4B-00C04F79EFBC}") = "Deikstri", "Deikstri\Deikstri.csproj", "{530144E2-BDB2-4698-8E72-318BC60BBECA}"
EndProject
Global
	GlobalSection(SolutionConfigurationPlatforms) = preSolution
		Debug|Any CPU = Debug|Any CPU
		Release|Any CPU = Release|Any CPU
	EndGlobalSection
	GlobalSection(ProjectConfigurationPlatforms) = postSolution
		{DB89E682-F56C-4CBA-BA4F-0AF87ADC1064}.Debug|Any CPU.ActiveCfg = Debug|Any CPU
		{DB89E682-F56C-4CBA-BA4F-0AF87ADC1064}.Debug|Any CPU.Build.0 = Debug|Any CPU
		{DB89E682-F56C-4CBA-BA4F-0AF87ADC1064}.Release|Any CPU.ActiveCfg = Release|Any CPU
		{DB89E682-F56C-4CBA-BA4F-0AF87ADC1064}.Release|Any CPU.Build.0 = Release|Any CPU
		{530144E2-BDB2-4698-8E72-318BC60BBECA}.Debug|Any CPU.ActiveCfg = Debug|Any CPU
		{530144E2-BDB2-4698-8E72-318BC60BBECA}.Debug|Any CPU.Build.0 = Debug|Any CPU
		{530144E2-BDB2-4698-8E72-318BC60BBECA}.Release|Any CPU.ActiveCfg = Release|Any CPU
		{530144E2-BDB2-4698-8E72-318BC60BBECA}.Release|Any CPU.Build.0 = Release|Any CPU
	EndGlobalSection
	GlobalSection(SolutionProperties) = preSolution
		HideSolutionNode = FALSE
	EndGlobalSection
EndGlobal
