
Microsoft Visual Studio Solution File, Format Version 12.00
# Visual Studio 2012
Project("{EDCC3B85-0BAD-11DB-BC1A-00112FDE8B61}") = "PegExample", "PegExample\PegExample.nproj", "{1888B103-7EE5-4908-B0D1-FB8BAFE77285}"
EndProject
Project("{EDCC3B85-0BAD-11DB-BC1A-00112FDE8B61}") = "JsonParser", "JsonParser\JsonParser.nproj", "{FB1094DD-BECF-48BF-B19D-CB45DFA91A52}"
EndProject
Project("{FAE04EC0-301F-11D3-BF4B-00C04F79EFBC}") = "JsonData", "JsonData\JsonData.csproj", "{1B4DF947-22AF-4F5D-9A30-D22680C1074E}"
EndProject
Project("{FAE04EC0-301F-11D3-BF4B-00C04F79EFBC}") = "JsonUser", "JsonUser\JsonUser.csproj", "{17830EA2-E3D7-4AE4-9565-1B13D9A28669}"
EndProject
Project("{FAE04EC0-301F-11D3-BF4B-00C04F79EFBC}") = "TimeControl", "TimeControl\TimeControl.csproj", "{B3AB576F-CE79-48F4-8F11-8B4212BD845D}"
EndProject
Global
	GlobalSection(SolutionConfigurationPlatforms) = preSolution
		Debug|Any CPU = Debug|Any CPU
		Release|Any CPU = Release|Any CPU
	EndGlobalSection
	GlobalSection(ProjectConfigurationPlatforms) = postSolution
		{1888B103-7EE5-4908-B0D1-FB8BAFE77285}.Debug|Any CPU.ActiveCfg = Debug|Any CPU
		{1888B103-7EE5-4908-B0D1-FB8BAFE77285}.Debug|Any CPU.Build.0 = Debug|Any CPU
		{1888B103-7EE5-4908-B0D1-FB8BAFE77285}.Release|Any CPU.ActiveCfg = Release|Any CPU
		{1888B103-7EE5-4908-B0D1-FB8BAFE77285}.Release|Any CPU.Build.0 = Release|Any CPU
		{FB1094DD-BECF-48BF-B19D-CB45DFA91A52}.Debug|Any CPU.ActiveCfg = Debug|Any CPU
		{FB1094DD-BECF-48BF-B19D-CB45DFA91A52}.Debug|Any CPU.Build.0 = Debug|Any CPU
		{FB1094DD-BECF-48BF-B19D-CB45DFA91A52}.Release|Any CPU.ActiveCfg = Release|Any CPU
		{FB1094DD-BECF-48BF-B19D-CB45DFA91A52}.Release|Any CPU.Build.0 = Release|Any CPU
		{1B4DF947-22AF-4F5D-9A30-D22680C1074E}.Debug|Any CPU.ActiveCfg = Debug|Any CPU
		{1B4DF947-22AF-4F5D-9A30-D22680C1074E}.Debug|Any CPU.Build.0 = Debug|Any CPU
		{1B4DF947-22AF-4F5D-9A30-D22680C1074E}.Release|Any CPU.ActiveCfg = Release|Any CPU
		{1B4DF947-22AF-4F5D-9A30-D22680C1074E}.Release|Any CPU.Build.0 = Release|Any CPU
		{17830EA2-E3D7-4AE4-9565-1B13D9A28669}.Debug|Any CPU.ActiveCfg = Debug|Any CPU
		{17830EA2-E3D7-4AE4-9565-1B13D9A28669}.Debug|Any CPU.Build.0 = Debug|Any CPU
		{17830EA2-E3D7-4AE4-9565-1B13D9A28669}.Release|Any CPU.ActiveCfg = Release|Any CPU
		{17830EA2-E3D7-4AE4-9565-1B13D9A28669}.Release|Any CPU.Build.0 = Release|Any CPU
		{B3AB576F-CE79-48F4-8F11-8B4212BD845D}.Debug|Any CPU.ActiveCfg = Debug|Any CPU
		{B3AB576F-CE79-48F4-8F11-8B4212BD845D}.Debug|Any CPU.Build.0 = Debug|Any CPU
		{B3AB576F-CE79-48F4-8F11-8B4212BD845D}.Release|Any CPU.ActiveCfg = Release|Any CPU
		{B3AB576F-CE79-48F4-8F11-8B4212BD845D}.Release|Any CPU.Build.0 = Release|Any CPU
	EndGlobalSection
	GlobalSection(SolutionProperties) = preSolution
		HideSolutionNode = FALSE
	EndGlobalSection
EndGlobal
