
Microsoft Visual Studio Solution File, Format Version 12.00
# Visual Studio 2012
Project("{FAE04EC0-301F-11D3-BF4B-00C04F79EFBC}") = "OpenTK", "OpenTK\OpenTK.csproj", "{F3AA517D-3912-4051-BE04-916FFD2E55BF}"
EndProject
Global
	GlobalSection(SolutionConfigurationPlatforms) = preSolution
		Debug|Any CPU = Debug|Any CPU
		Release|Any CPU = Release|Any CPU
	EndGlobalSection
	GlobalSection(ProjectConfigurationPlatforms) = postSolution
		{F3AA517D-3912-4051-BE04-916FFD2E55BF}.Debug|Any CPU.ActiveCfg = Debug|Any CPU
		{F3AA517D-3912-4051-BE04-916FFD2E55BF}.Debug|Any CPU.Build.0 = Debug|Any CPU
		{F3AA517D-3912-4051-BE04-916FFD2E55BF}.Release|Any CPU.ActiveCfg = Release|Any CPU
		{F3AA517D-3912-4051-BE04-916FFD2E55BF}.Release|Any CPU.Build.0 = Release|Any CPU
	EndGlobalSection
	GlobalSection(SolutionProperties) = preSolution
		HideSolutionNode = FALSE
	EndGlobalSection
EndGlobal
